// !$*UTF8*$!
{
	archiveVersion = 1;
	classes = {
	};
	objectVersion = 46;
	objects = {

/* Begin PBXBuildFile section */
		BB0237D01B997DCA005C367B /* main.m in Sources */ = {isa = PBXBuildFile; fileRef = BB0237CF1B997DCA005C367B /* main.m */; };
		BB0237D31B997DCA005C367B /* AppDelegate.m in Sources */ = {isa = PBXBuildFile; fileRef = BB0237D21B997DCA005C367B /* AppDelegate.m */; };
		BB0237D61B997DCA005C367B /* ViewController.m in Sources */ = {isa = PBXBuildFile; fileRef = BB0237D51B997DCA005C367B /* ViewController.m */; };
		BB0237D91B997DCA005C367B /* Main.storyboard in Resources */ = {isa = PBXBuildFile; fileRef = BB0237D71B997DCA005C367B /* Main.storyboard */; };
		BB0237DB1B997DCA005C367B /* Images.xcassets in Resources */ = {isa = PBXBuildFile; fileRef = BB0237DA1B997DCA005C367B /* Images.xcassets */; };
		BB0237DE1B997DCA005C367B /* LaunchScreen.xib in Resources */ = {isa = PBXBuildFile; fileRef = BB0237DC1B997DCA005C367B /* LaunchScreen.xib */; };
		BB0237EA1B997DCB005C367B /* CollectionViewTestTests.m in Sources */ = {isa = PBXBuildFile; fileRef = BB0237E91B997DCB005C367B /* CollectionViewTestTests.m */; };
/* End PBXBuildFile section */

/* Begin PBXContainerItemProxy section */
		BB0237E41B997DCB005C367B /* PBXContainerItemProxy */ = {
			isa = PBXContainerItemProxy;
			containerPortal = BB0237C21B997DCA005C367B /* Project object */;
			proxyType = 1;
			remoteGlobalIDString = BB0237C91B997DCA005C367B;
			remoteInfo = CollectionViewTest;
		};
/* End PBXContainerItemProxy section */

/* Begin PBXFileReference section */
		BB0237CA1B997DCA005C367B /* CollectionViewTest.app */ = {isa = PBXFileReference; explicitFileType = wrapper.application; includeInIndex = 0; path = CollectionViewTest.app; sourceTree = BUILT_PRODUCTS_DIR; };
		BB0237CE1B997DCA005C367B /* Info.plist */ = {isa = PBXFileReference; lastKnownFileType = text.plist.xml; path = Info.plist; sourceTree = "<group>"; };
		BB0237CF1B997DCA005C367B /* main.m */ = {isa = PBXFileReference; lastKnownFileType = sourcecode.c.objc; path = main.m; sourceTree = "<group>"; };
		BB0237D11B997DCA005C367B /* AppDelegate.h */ = {isa = PBXFileReference; lastKnownFileType = sourcecode.c.h; path = AppDelegate.h; sourceTree = "<group>"; };
		BB0237D21B997DCA005C367B /* AppDelegate.m */ = {isa = PBXFileReference; lastKnownFileType = sourcecode.c.objc; path = AppDelegate.m; sourceTree = "<group>"; };
		BB0237D41B997DCA005C367B /* ViewController.h */ = {isa = PBXFileReference; lastKnownFileType = sourcecode.c.h; path = ViewController.h; sourceTree = "<group>"; };
		BB0237D51B997DCA005C367B /* ViewController.m */ = {isa = PBXFileReference; lastKnownFileType = sourcecode.c.objc; path = ViewController.m; sourceTree = "<group>"; };
		BB0237D81B997DCA005C367B /* Base */ = {isa = PBXFileReference; lastKnownFileType = file.storyboard; name = Base; path = Base.lproj/Main.storyboard; sourceTree = "<group>"; };
		BB0237DA1B997DCA005C367B /* Images.xcassets */ = {isa = PBXFileReference; lastKnownFileType = folder.assetcatalog; path = Images.xcassets; sourceTree = "<group>"; };
		BB0237DD1B997DCA005C367B /* Base */ = {isa = PBXFileReference; lastKnownFileType = file.xib; name = Base; path = Base.lproj/LaunchScreen.xib; sourceTree = "<group>"; };
		BB0237E31B997DCB005C367B /* CollectionViewTestTests.xctest */ = {isa = PBXFileReference; explicitFileType = wrapper.cfbundle; includeInIndex = 0; path = CollectionViewTestTests.xctest; sourceTree = BUILT_PRODUCTS_DIR; };
		BB0237E81B997DCB005C367B /* Info.plist */ = {isa = PBXFileReference; lastKnownFileType = text.plist.xml; path = Info.plist; sourceTree = "<group>"; };
		BB0237E91B997DCB005C367B /* CollectionViewTestTests.m */ = {isa = PBXFileReference; lastKnownFileType = sourcecode.c.objc; path = CollectionViewTestTests.m; sourceTree = "<group>"; };
/* End PBXFileReference section */

/* Begin PBXFrameworksBuildPhase section */
		BB0237C71B997DCA005C367B /* Frameworks */ = {
			isa = PBXFrameworksBuildPhase;
			buildActionMask = 2147483647;
			files = (
			);
			runOnlyForDeploymentPostprocessing = 0;
		};
		BB0237E01B997DCB005C367B /* Frameworks */ = {
			isa = PBXFrameworksBuildPhase;
			buildActionMask = 2147483647;
			files = (
			);
			runOnlyForDeploymentPostprocessing = 0;
		};
/* End PBXFrameworksBuildPhase section */

/* Begin PBXGroup section */
		BB0237C11B997DCA005C367B = {
			isa = PBXGroup;
			children = (
				BB0237CC1B997DCA005C367B /* CollectionViewTest */,
				BB0237E61B997DCB005C367B /* CollectionViewTestTests */,
				BB0237CB1B997DCA005C367B /* Products */,
			);
			sourceTree = "<group>";
		};
		BB0237CB1B997DCA005C367B /* Products */ = {
			isa = PBXGroup;
			children = (
				BB0237CA1B997DCA005C367B /* CollectionViewTest.app */,
				BB0237E31B997DCB005C367B /* CollectionViewTestTests.xctest */,
			);
			name = Products;
			sourceTree = "<group>";
		};
		BB0237CC1B997DCA005C367B /* CollectionViewTest */ = {
			isa = PBXGroup;
			children = (
				BB0237D11B997DCA005C367B /* AppDelegate.h */,
				BB0237D21B997DCA005C367B /* AppDelegate.m */,
				BB0237D41B997DCA005C367B /* ViewController.h */,
				BB0237D51B997DCA005C367B /* ViewController.m */,
				BB0237D71B997DCA005C367B /* Main.storyboard */,
				BB0237DA1B997DCA005C367B /* Images.xcassets */,
				BB0237DC1B997DCA005C367B /* LaunchScreen.xib */,
				BB0237CD1B997DCA005C367B /* Supporting Files */,
			);
			path = CollectionViewTest;
			sourceTree = "<group>";
		};
		BB0237CD1B997DCA005C367B /* Supporting Files */ = {
			isa = PBXGroup;
			children = (
				BB0237CE1B997DCA005C367B /* Info.plist */,
				BB0237CF1B997DCA005C367B /* main.m */,
			);
			name = "Supporting Files";
			sourceTree = "<group>";
		};
		BB0237E61B997DCB005C367B /* CollectionViewTestTests */ = {
			isa = PBXGroup;
			children = (
				BB0237E91B997DCB005C367B /* CollectionViewTestTests.m */,
				BB0237E71B997DCB005C367B /* Supporting Files */,
			);
			path = CollectionViewTestTests;
			sourceTree = "<group>";
		};
		BB0237E71B997DCB005C367B /* Supporting Files */ = {
			isa = PBXGroup;
			children = (
				BB0237E81B997DCB005C367B /* Info.plist */,
			);
			name = "Supporting Files";
			sourceTree = "<group>";
		};
/* End PBXGroup section */

/* Begin PBXNativeTarget section */
		BB0237C91B997DCA005C367B /* CollectionViewTest */ = {
			isa = PBXNativeTarget;
			buildConfigurationList = BB0237ED1B997DCB005C367B /* Build configuration list for PBXNativeTarget "CollectionViewTest" */;
			buildPhases = (
				BB0237C61B997DCA005C367B /* Sources */,
				BB0237C71B997DCA005C367B /* Frameworks */,
				BB0237C81B997DCA005C367B /* Resources */,
			);
			buildRules = (
			);
			dependencies = (
			);
			name = CollectionViewTest;
			productName = CollectionViewTest;
			productReference = BB0237CA1B997DCA005C367B /* CollectionViewTest.app */;
			productType = "com.apple.product-type.application";
		};
		BB0237E21B997DCB005C367B /* CollectionViewTestTests */ = {
			isa = PBXNativeTarget;
			buildConfigurationList = BB0237F01B997DCB005C367B /* Build configuration list for PBXNativeTarget "CollectionViewTestTests" */;
			buildPhases = (
				BB0237DF1B997DCB005C367B /* Sources */,
				BB0237E01B997DCB005C367B /* Frameworks */,
				BB0237E11B997DCB005C367B /* Resources */,
			);
			buildRules = (
			);
			dependencies = (
				BB0237E51B997DCB005C367B /* PBXTargetDependency */,
			);
			name = CollectionViewTestTests;
			productName = CollectionViewTestTests;
			productReference = BB0237E31B997DCB005C367B /* CollectionViewTestTests.xctest */;
			productType = "com.apple.product-type.bundle.unit-test";
		};
/* End PBXNativeTarget section */

/* Begin PBXProject section */
		BB0237C21B997DCA005C367B /* Project object */ = {
			isa = PBXProject;
			attributes = {
				LastUpgradeCheck = 0640;
				ORGANIZATIONNAME = "Prashant Saini";
				TargetAttributes = {
					BB0237C91B997DCA005C367B = {
						CreatedOnToolsVersion = 6.4;
					};
					BB0237E21B997DCB005C367B = {
						CreatedOnToolsVersion = 6.4;
						TestTargetID = BB0237C91B997DCA005C367B;
					};
				};
			};
			buildConfigurationList = BB0237C51B997DCA005C367B /* Build configuration list for PBXProject "CollectionViewTest" */;
			compatibilityVersion = "Xcode 3.2";
			developmentRegion = English;
			hasScannedForEncodings = 0;
			knownRegions = (
				en,
				Base,
			);
			mainGroup = BB0237C11B997DCA005C367B;
			productRefGroup = BB0237CB1B997DCA005C367B /* Products */;
			projectDirPath = "";
			projectRoot = "";
			targets = (
				BB0237C91B997DCA005C367B /* CollectionViewTest */,
				BB0237E21B997DCB005C367B /* CollectionViewTestTests */,
			);
		};
/* End PBXProject section */

/* Begin PBXResourcesBuildPhase section */
		BB0237C81B997DCA005C367B /* Resources */ = {
			isa = PBXResourcesBuildPhase;
			buildActionMask = 2147483647;
			files = (
				BB0237D91B997DCA005C367B /* Main.storyboard in Resources */,
				BB0237DE1B997DCA005C367B /* LaunchScreen.xib in Resources */,
				BB0237DB1B997DCA005C367B /* Images.xcassets in Resources */,
			);
			runOnlyForDeploymentPostprocessing = 0;
		};
		BB0237E11B997DCB005C367B /* Resources */ = {
			isa = PBXResourcesBuildPhase;
			buildActionMask = 2147483647;
			files = (
			);
			runOnlyForDeploymentPostprocessing = 0;
		};
/* End PBXResourcesBuildPhase section */

/* Begin PBXSourcesBuildPhase section */
		BB0237C61B997DCA005C367B /* Sources */ = {
			isa = PBXSourcesBuildPhase;
			buildActionMask = 2147483647;
			files = (
				BB0237D61B997DCA005C367B /* ViewController.m in Sources */,
				BB0237D31B997DCA005C367B /* AppDelegate.m in Sources */,
				BB0237D01B997DCA005C367B /* main.m in Sources */,
			);
			runOnlyForDeploymentPostprocessing = 0;
		};
		BB0237DF1B997DCB005C367B /* Sources */ = {
			isa = PBXSourcesBuildPhase;
			buildActionMask = 2147483647;
			files = (
				BB0237EA1B997DCB005C367B /* CollectionViewTestTests.m in Sources */,
			);
			runOnlyForDeploymentPostprocessing = 0;
		};
/* End PBXSourcesBuildPhase section */

/* Begin PBXTargetDependency section */
		BB0237E51B997DCB005C367B /* PBXTargetDependency */ = {
			isa = PBXTargetDependency;
			target = BB0237C91B997DCA005C367B /* CollectionViewTest */;
			targetProxy = BB0237E41B997DCB005C367B /* PBXContainerItemProxy */;
		};
/* End PBXTargetDependency section */

/* Begin PBXVariantGroup section */
		BB0237D71B997DCA005C367B /* Main.storyboard */ = {
			isa = PBXVariantGroup;
			children = (
				BB0237D81B997DCA005C367B /* Base */,
			);
			name = Main.storyboard;
			sourceTree = "<group>";
		};
		BB0237DC1B997DCA005C367B /* LaunchScreen.xib */ = {
			isa = PBXVariantGroup;
			children = (
				BB0237DD1B997DCA005C367B /* Base */,
			);
			name = LaunchScreen.xib;
			sourceTree = "<group>";
		};
/* End PBXVariantGroup section */

/* Begin XCBuildConfiguration section */
		BB0237EB1B997DCB005C367B /* Debug */ = {
			isa = XCBuildConfiguration;
			buildSettings = {
				ALWAYS_SEARCH_USER_PATHS = NO;
				CLANG_CXX_LANGUAGE_STANDARD = "gnu++0x";
				CLANG_CXX_LIBRARY = "libc++";
				CLANG_ENABLE_MODULES = YES;
				CLANG_ENABLE_OBJC_ARC = YES;
				CLANG_WARN_BOOL_CONVERSION = YES;
				CLANG_WARN_CONSTANT_CONVERSION = YES;
				CLANG_WARN_DIRECT_OBJC_ISA_USAGE = YES_ERROR;
				CLANG_WARN_EMPTY_BODY = YES;
				CLANG_WARN_ENUM_CONVERSION = YES;
				CLANG_WARN_INT_CONVERSION = YES;
				CLANG_WARN_OBJC_ROOT_CLASS = YES_ERROR;
				CLANG_WARN_UNREACHABLE_CODE = YES;
				CLANG_WARN__DUPLICATE_METHOD_MATCH = YES;
				"CODE_SIGN_IDENTITY[sdk=iphoneos*]" = "iPhone Developer";
				COPY_PHASE_STRIP = NO;
				DEBUG_INFORMATION_FORMAT = "dwarf-with-dsym";
				ENABLE_STRICT_OBJC_MSGSEND = YES;
				GCC_C_LANGUAGE_STANDARD = gnu99;
				GCC_DYNAMIC_NO_PIC = NO;
				GCC_NO_COMMON_BLOCKS = YES;
				GCC_OPTIMIZATION_LEVEL = 0;
				GCC_PREPROCESSOR_DEFINITIONS = (
					"DEBUG=1",
					"$(inherited)",
				);
				GCC_SYMBOLS_PRIVATE_EXTERN = NO;
				GCC_WARN_64_TO_32_BIT_CONVERSION = YES;
				GCC_WARN_ABOUT_RETURN_TYPE = YES_ERROR;
				GCC_WARN_UNDECLARED_SELECTOR = YES;
				GCC_WARN_UNINITIALIZED_AUTOS = YES_AGGRESSIVE;
				GCC_WARN_UNUSED_FUNCTION = YES;
				GCC_WARN_UNUSED_VARIABLE = YES;
				IPHONEOS_DEPLOYMENT_TARGET = 8.4;
				MTL_ENABLE_DEBUG_INFO = YES;
				ONLY_ACTIVE_ARCH = YES;
				SDKROOT = iphoneos;
			};
			name = Debug;
		};
		BB0237EC1B997DCB005C367B /* Release */ = {
			isa = XCBuildConfiguration;
			buildSettings = {
				ALWAYS_SEARCH_USER_PATHS = NO;
				CLANG_CXX_LANGUAGE_STANDARD = "gnu++0x";
				CLANG_CXX_LIBRARY = "libc++";
				CLANG_ENABLE_MODULES = YES;
				CLANG_ENABLE_OBJC_ARC = YES;
				CLANG_WARN_BOOL_CONVERSION = YES;
				CLANG_WARN_CONSTANT_CONVERSION = YES;
				CLANG_WARN_DIRECT_OBJC_ISA_USAGE = YES_ERROR;
				CLANG_WARN_EMPTY_BODY = YES;
				CLANG_WARN_ENUM_CONVERSION = YES;
				CLANG_WARN_INT_CONVERSION = YES;
				CLANG_WARN_OBJC_ROOT_CLASS = YES_ERROR;
				CLANG_WARN_UNREACHABLE_CODE = YES;
				CLANG_WARN__DUPLICATE_METHOD_MATCH = YES;
				"CODE_SIGN_IDENTITY[sdk=iphoneos*]" = "iPhone Developer";
				COPY_PHASE_STRIP = NO;
				DEBUG_INFORMATION_FORMAT = "dwarf-with-dsym";
				ENABLE_NS_ASSERTIONS = NO;
				ENABLE_STRICT_OBJC_MSGSEND = YES;
				GCC_C_LANGUAGE_STANDARD = gnu99;
				GCC_NO_COMMON_BLOCKS = YES;
				GCC_WARN_64_TO_32_BIT_CONVERSION = YES;
				GCC_WARN_ABOUT_RETURN_TYPE = YES_ERROR;
				GCC_WARN_UNDECLARED_SELECTOR = YES;
				GCC_WARN_UNINITIALIZED_AUTOS = YES_AGGRESSIVE;
				GCC_WARN_UNUSED_FUNCTION = YES;
				GCC_WARN_UNUSED_VARIABLE = YES;
				IPHONEOS_DEPLOYMENT_TARGET = 8.4;
				MTL_ENABLE_DEBUG_INFO = NO;
				SDKROOT = iphoneos;
				VALIDATE_PRODUCT = YES;
			};
			name = Release;
		};
		BB0237EE1B997DCB005C367B /* Debug */ = {
			isa = XCBuildConfiguration;
			buildSettings = {
				ASSETCATALOG_COMPILER_APPICON_NAME = AppIcon;
				INFOPLIST_FILE = CollectionViewTest/Info.plist;
				LD_RUNPATH_SEARCH_PATHS = "$(inherited) @executable_path/Frameworks";
				PRODUCT_NAME = "$(TARGET_NAME)";
			};
			name = Debug;
		};
		BB0237EF1B997DCB005C367B /* Release */ = {
			isa = XCBuildConfiguration;
			buildSettings = {
				ASSETCATALOG_COMPILER_APPICON_NAME = AppIcon;
				INFOPLIST_FILE = CollectionViewTest/Info.plist;
				LD_RUNPATH_SEARCH_PATHS = "$(inherited) @executable_path/Frameworks";
				PRODUCT_NAME = "$(TARGET_NAME)";
			};
			name = Release;
		};
		BB0237F11B997DCB005C367B /* Debug */ = {
			isa = XCBuildConfiguration;
			buildSettings = {
				BUNDLE_LOADER = "$(TEST_HOST)";
				FRAMEWORK_SEARCH_PATHS = (
					"$(SDKROOT)/Developer/Library/Frameworks",
					"$(inherited)",
				);
				GCC_PREPROCESSOR_DEFINITIONS = (
					"DEBUG=1",
					"$(inherited)",
				);
				INFOPLIST_FILE = CollectionViewTestTests/Info.plist;
				LD_RUNPATH_SEARCH_PATHS = "$(inherited) @executable_path/Frameworks @loader_path/Frameworks";
				PRODUCT_NAME = "$(TARGET_NAME)";
				TEST_HOST = "$(BUILT_PRODUCTS_DIR)/CollectionViewTest.app/CollectionViewTest";
			};
			name = Debug;
		};
		BB0237F21B997DCB005C367B /* Release */ = {
			isa = XCBuildConfiguration;
			buildSettings = {
				BUNDLE_LOADER = "$(TEST_HOST)";
				FRAMEWORK_SEARCH_PATHS = (
					"$(SDKROOT)/Developer/Library/Frameworks",
					"$(inherited)",
				);
				INFOPLIST_FILE = CollectionViewTestTests/Info.plist;
				LD_RUNPATH_SEARCH_PATHS = "$(inherited) @executable_path/Frameworks @loader_path/Frameworks";
				PRODUCT_NAME = "$(TARGET_NAME)";
				TEST_HOST = "$(BUILT_PRODUCTS_DIR)/CollectionViewTest.app/CollectionViewTest";
			};
			name = Release;
		};
/* End XCBuildConfiguration section */

/* Begin XCConfigurationList section */
		BB0237C51B997DCA005C367B /* Build configuration list for PBXProject "CollectionViewTest" */ = {
			isa = XCConfigurationList;
			buildConfigurations = (
				BB0237EB1B997DCB005C367B /* Debug */,
				BB0237EC1B997DCB005C367B /* Release */,
			);
			defaultConfigurationIsVisible = 0;
			defaultConfigurationName = Release;
		};
		BB0237ED1B997DCB005C367B /* Build configuration list for PBXNativeTarget "CollectionViewTest" */ = {
			isa = XCConfigurationList;
			buildConfigurations = (
				BB0237EE1B997DCB005C367B /* Debug */,
				BB0237EF1B997DCB005C367B /* Release */,
			);
			defaultConfigurationIsVisible = 0;
		};
		BB0237F01B997DCB005C367B /* Build configuration list for PBXNativeTarget "CollectionViewTestTests" */ = {
			isa = XCConfigurationList;
			buildConfigurations = (
				BB0237F11B997DCB005C367B /* Debug */,
				BB0237F21B997DCB005C367B /* Release */,
			);
			defaultConfigurationIsVisible = 0;
		};
/* End XCConfigurationList section */
	};
	rootObject = BB0237C21B997DCA005C367B /* Project object */;
}
